
Microsoft Visual Studio Solution File, Format Version 12.00
# Visual Studio Version 17
VisualStudioVersion = 17.6.33829.357
MinimumVisualStudioVersion = 10.0.40219.1
Project("{FAE04EC0-301F-11D3-BF4B-00C04F79EFBC}") = "ProjectUpdateApp", "ProjectUpdate\ProjectUpdateApp.csproj", "{2BBBDA86-8ED1-4540-A7DA-45A83F47F053}"
EndProject
Global
	GlobalSection(SolutionConfigurationPlatforms) = preSolution
		Debug|Any CPU = Debug|Any CPU
		Release|Any CPU = Release|Any CPU
	EndGlobalSection
	GlobalSection(ProjectConfigurationPlatforms) = postSolution
		{2BBBDA86-8ED1-4540-A7DA-45A83F47F053}.Debug|Any CPU.ActiveCfg = Debug|Any CPU
		{2BBBDA86-8ED1-4540-A7DA-45A83F47F053}.Debug|Any CPU.Build.0 = Debug|Any CPU
		{2BBBDA86-8ED1-4540-A7DA-45A83F47F053}.Release|Any CPU.ActiveCfg = Release|Any CPU
		{2BBBDA86-8ED1-4540-A7DA-45A83F47F053}.Release|Any CPU.Build.0 = Release|Any CPU
	EndGlobalSection
	GlobalSection(SolutionProperties) = preSolution
		HideSolutionNode = FALSE
	EndGlobalSection
	GlobalSection(ExtensibilityGlobals) = postSolution
		SolutionGuid = {6FA13A4D-0623-4002-B895-13D5643C20FC}
	EndGlobalSection
EndGlobal
